// !$*UTF8*$!
{
	archiveVersion = 1;
	classes = {
	};
	objectVersion = 46;
	objects = {

/* Begin PBXBuildFile section */
		5B1108161C6FD08600AD1F3B /* WeeklyTableViewController.swift in Sources */ = {isa = PBXBuildFile; fileRef = 5B1108151C6FD08600AD1F3B /* WeeklyTableViewController.swift */; };
		5B1108181C6FD10700AD1F3B /* BackgroundView.swift in Sources */ = {isa = PBXBuildFile; fileRef = 5B1108171C6FD10700AD1F3B /* BackgroundView.swift */; };
		5B11081A1C6FEB0A00AD1F3B /* DailyWeather.swift in Sources */ = {isa = PBXBuildFile; fileRef = 5B1108191C6FEB0A00AD1F3B /* DailyWeather.swift */; };
		5B11081D1C6FED9A00AD1F3B /* IconEnum.swift in Sources */ = {isa = PBXBuildFile; fileRef = 5B11081C1C6FED9A00AD1F3B /* IconEnum.swift */; };
		5B5849341C6BF033002F0DC1 /* AppDelegate.swift in Sources */ = {isa = PBXBuildFile; fileRef = 5B5849331C6BF033002F0DC1 /* AppDelegate.swift */; };
		5B5849361C6BF033002F0DC1 /* ViewController.swift in Sources */ = {isa = PBXBuildFile; fileRef = 5B5849351C6BF033002F0DC1 /* ViewController.swift */; };
		5B5849391C6BF034002F0DC1 /* Main.storyboard in Resources */ = {isa = PBXBuildFile; fileRef = 5B5849371C6BF034002F0DC1 /* Main.storyboard */; };
		5B58493B1C6BF034002F0DC1 /* Assets.xcassets in Resources */ = {isa = PBXBuildFile; fileRef = 5B58493A1C6BF034002F0DC1 /* Assets.xcassets */; };
		5B58493E1C6BF034002F0DC1 /* LaunchScreen.storyboard in Resources */ = {isa = PBXBuildFile; fileRef = 5B58493C1C6BF034002F0DC1 /* LaunchScreen.storyboard */; };
		5B5849481C6BF245002F0DC1 /* CurrentWeather.plist in Resources */ = {isa = PBXBuildFile; fileRef = 5B5849471C6BF245002F0DC1 /* CurrentWeather.plist */; };
		5B58494A1C6BF386002F0DC1 /* CurrentWeather.swift in Sources */ = {isa = PBXBuildFile; fileRef = 5B5849491C6BF386002F0DC1 /* CurrentWeather.swift */; };
		5B58494C1C6D3F54002F0DC1 /* NetworkOperation.swift in Sources */ = {isa = PBXBuildFile; fileRef = 5B58494B1C6D3F54002F0DC1 /* NetworkOperation.swift */; };
		5B58494E1C6D4BEB002F0DC1 /* ForecastService.swift in Sources */ = {isa = PBXBuildFile; fileRef = 5B58494D1C6D4BEB002F0DC1 /* ForecastService.swift */; };
		5B5BAD891C73EBBB00E5D160 /* Geocoder.swift in Sources */ = {isa = PBXBuildFile; fileRef = 5B5BAD881C73EBBB00E5D160 /* Geocoder.swift */; };
		5BB144FF1C71165300D9B5E6 /* Forecast.swift in Sources */ = {isa = PBXBuildFile; fileRef = 5BB144FE1C71165300D9B5E6 /* Forecast.swift */; };
		5BB145011C71285B00D9B5E6 /* DailyWeatherTableViewCell.swift in Sources */ = {isa = PBXBuildFile; fileRef = 5BB145001C71285B00D9B5E6 /* DailyWeatherTableViewCell.swift */; };
		5BB145031C713A3100D9B5E6 /* DetailBackgroundView.swift in Sources */ = {isa = PBXBuildFile; fileRef = 5BB145021C713A3100D9B5E6 /* DetailBackgroundView.swift */; };
/* End PBXBuildFile section */

/* Begin PBXFileReference section */
		5B1108151C6FD08600AD1F3B /* WeeklyTableViewController.swift */ = {isa = PBXFileReference; fileEncoding = 4; lastKnownFileType = sourcecode.swift; path = WeeklyTableViewController.swift; sourceTree = "<group>"; };
		5B1108171C6FD10700AD1F3B /* BackgroundView.swift */ = {isa = PBXFileReference; fileEncoding = 4; lastKnownFileType = sourcecode.swift; path = BackgroundView.swift; sourceTree = "<group>"; };
		5B1108191C6FEB0A00AD1F3B /* DailyWeather.swift */ = {isa = PBXFileReference; fileEncoding = 4; lastKnownFileType = sourcecode.swift; path = DailyWeather.swift; sourceTree = "<group>"; };
		5B11081C1C6FED9A00AD1F3B /* IconEnum.swift */ = {isa = PBXFileReference; fileEncoding = 4; lastKnownFileType = sourcecode.swift; path = IconEnum.swift; sourceTree = "<group>"; };
		5B5849301C6BF033002F0DC1 /* StormyTreehouse.app */ = {isa = PBXFileReference; explicitFileType = wrapper.application; includeInIndex = 0; path = StormyTreehouse.app; sourceTree = BUILT_PRODUCTS_DIR; };
		5B5849331C6BF033002F0DC1 /* AppDelegate.swift */ = {isa = PBXFileReference; lastKnownFileType = sourcecode.swift; path = AppDelegate.swift; sourceTree = "<group>"; };
		5B5849351C6BF033002F0DC1 /* ViewController.swift */ = {isa = PBXFileReference; lastKnownFileType = sourcecode.swift; path = ViewController.swift; sourceTree = "<group>"; };
		5B5849381C6BF034002F0DC1 /* Base */ = {isa = PBXFileReference; lastKnownFileType = file.storyboard; name = Base; path = Base.lproj/Main.storyboard; sourceTree = "<group>"; };
		5B58493A1C6BF034002F0DC1 /* Assets.xcassets */ = {isa = PBXFileReference; lastKnownFileType = folder.assetcatalog; path = Assets.xcassets; sourceTree = "<group>"; };
		5B58493D1C6BF034002F0DC1 /* Base */ = {isa = PBXFileReference; lastKnownFileType = file.storyboard; name = Base; path = Base.lproj/LaunchScreen.storyboard; sourceTree = "<group>"; };
		5B58493F1C6BF034002F0DC1 /* Info.plist */ = {isa = PBXFileReference; lastKnownFileType = text.plist.xml; path = Info.plist; sourceTree = "<group>"; };
		5B5849471C6BF245002F0DC1 /* CurrentWeather.plist */ = {isa = PBXFileReference; fileEncoding = 4; lastKnownFileType = text.plist.xml; path = CurrentWeather.plist; sourceTree = "<group>"; };
		5B5849491C6BF386002F0DC1 /* CurrentWeather.swift */ = {isa = PBXFileReference; fileEncoding = 4; lastKnownFileType = sourcecode.swift; path = CurrentWeather.swift; sourceTree = "<group>"; };
		5B58494B1C6D3F54002F0DC1 /* NetworkOperation.swift */ = {isa = PBXFileReference; fileEncoding = 4; lastKnownFileType = sourcecode.swift; path = NetworkOperation.swift; sourceTree = "<group>"; };
		5B58494D1C6D4BEB002F0DC1 /* ForecastService.swift */ = {isa = PBXFileReference; fileEncoding = 4; lastKnownFileType = sourcecode.swift; path = ForecastService.swift; sourceTree = "<group>"; };
		5B5BAD881C73EBBB00E5D160 /* Geocoder.swift */ = {isa = PBXFileReference; fileEncoding = 4; lastKnownFileType = sourcecode.swift; path = Geocoder.swift; sourceTree = "<group>"; };
		5BB144FE1C71165300D9B5E6 /* Forecast.swift */ = {isa = PBXFileReference; fileEncoding = 4; lastKnownFileType = sourcecode.swift; path = Forecast.swift; sourceTree = "<group>"; };
		5BB145001C71285B00D9B5E6 /* DailyWeatherTableViewCell.swift */ = {isa = PBXFileReference; fileEncoding = 4; lastKnownFileType = sourcecode.swift; path = DailyWeatherTableViewCell.swift; sourceTree = "<group>"; };
		5BB145021C713A3100D9B5E6 /* DetailBackgroundView.swift */ = {isa = PBXFileReference; fileEncoding = 4; lastKnownFileType = sourcecode.swift; path = DetailBackgroundView.swift; sourceTree = "<group>"; };
/* End PBXFileReference section */

/* Begin PBXFrameworksBuildPhase section */
		5B58492D1C6BF033002F0DC1 /* Frameworks */ = {
			isa = PBXFrameworksBuildPhase;
			buildActionMask = 2147483647;
			files = (
			);
			runOnlyForDeploymentPostprocessing = 0;
		};
/* End PBXFrameworksBuildPhase section */

/* Begin PBXGroup section */
		5B1108101C6FCF7500AD1F3B /* Controller */ = {
			isa = PBXGroup;
			children = (
				5B5849351C6BF033002F0DC1 /* ViewController.swift */,
				5B1108151C6FD08600AD1F3B /* WeeklyTableViewController.swift */,
			);
			name = Controller;
			sourceTree = "<group>";
		};
		5B1108111C6FCF7D00AD1F3B /* Views */ = {
			isa = PBXGroup;
			children = (
				5B5849371C6BF034002F0DC1 /* Main.storyboard */,
				5B1108171C6FD10700AD1F3B /* BackgroundView.swift */,
				5BB145001C71285B00D9B5E6 /* DailyWeatherTableViewCell.swift */,
				5BB145021C713A3100D9B5E6 /* DetailBackgroundView.swift */,
			);
			name = Views;
			sourceTree = "<group>";
		};
		5B1108121C6FCF8100AD1F3B /* Models */ = {
			isa = PBXGroup;
			children = (
				5B58494D1C6D4BEB002F0DC1 /* ForecastService.swift */,
				5B5849491C6BF386002F0DC1 /* CurrentWeather.swift */,
				5B58494B1C6D3F54002F0DC1 /* NetworkOperation.swift */,
				5B1108191C6FEB0A00AD1F3B /* DailyWeather.swift */,
				5B11081C1C6FED9A00AD1F3B /* IconEnum.swift */,
				5B5BAD881C73EBBB00E5D160 /* Geocoder.swift */,
				5BB144FE1C71165300D9B5E6 /* Forecast.swift */,
			);
			name = Models;
			sourceTree = "<group>";
		};
		5B5849271C6BF033002F0DC1 = {
			isa = PBXGroup;
			children = (
				5B5849321C6BF033002F0DC1 /* StormyTreehouse */,
				5B5849311C6BF033002F0DC1 /* Products */,
			);
			sourceTree = "<group>";
		};
		5B5849311C6BF033002F0DC1 /* Products */ = {
			isa = PBXGroup;
			children = (
				5B5849301C6BF033002F0DC1 /* StormyTreehouse.app */,
			);
			name = Products;
			sourceTree = "<group>";
		};
		5B5849321C6BF033002F0DC1 /* StormyTreehouse */ = {
			isa = PBXGroup;
			children = (
				5B1108121C6FCF8100AD1F3B /* Models */,
				5B1108111C6FCF7D00AD1F3B /* Views */,
				5B1108101C6FCF7500AD1F3B /* Controller */,
				5B58493A1C6BF034002F0DC1 /* Assets.xcassets */,
				5B58493C1C6BF034002F0DC1 /* LaunchScreen.storyboard */,
				5B58493F1C6BF034002F0DC1 /* Info.plist */,
				5B5849331C6BF033002F0DC1 /* AppDelegate.swift */,
				5B5849471C6BF245002F0DC1 /* CurrentWeather.plist */,
			);
			path = StormyTreehouse;
			sourceTree = "<group>";
		};
/* End PBXGroup section */

/* Begin PBXNativeTarget section */
		5B58492F1C6BF033002F0DC1 /* StormyTreehouse */ = {
			isa = PBXNativeTarget;
			buildConfigurationList = 5B5849421C6BF034002F0DC1 /* Build configuration list for PBXNativeTarget "StormyTreehouse" */;
			buildPhases = (
				5B58492C1C6BF033002F0DC1 /* Sources */,
				5B58492D1C6BF033002F0DC1 /* Frameworks */,
				5B58492E1C6BF033002F0DC1 /* Resources */,
			);
			buildRules = (
			);
			dependencies = (
			);
			name = StormyTreehouse;
			productName = StormyTreehouse;
			productReference = 5B5849301C6BF033002F0DC1 /* StormyTreehouse.app */;
			productType = "com.apple.product-type.application";
		};
/* End PBXNativeTarget section */

/* Begin PBXProject section */
		5B5849281C6BF033002F0DC1 /* Project object */ = {
			isa = PBXProject;
			attributes = {
				LastSwiftUpdateCheck = 0720;
				LastUpgradeCheck = 0720;
				ORGANIZATIONNAME = "Reed Carson";
				TargetAttributes = {
					5B58492F1C6BF033002F0DC1 = {
						CreatedOnToolsVersion = 7.2;
						DevelopmentTeam = 4Q7583X6S7;
					};
				};
			};
			buildConfigurationList = 5B58492B1C6BF033002F0DC1 /* Build configuration list for PBXProject "StormyTreehouse" */;
			compatibilityVersion = "Xcode 3.2";
			developmentRegion = English;
			hasScannedForEncodings = 0;
			knownRegions = (
				en,
				Base,
			);
			mainGroup = 5B5849271C6BF033002F0DC1;
			productRefGroup = 5B5849311C6BF033002F0DC1 /* Products */;
			projectDirPath = "";
			projectRoot = "";
			targets = (
				5B58492F1C6BF033002F0DC1 /* StormyTreehouse */,
			);
		};
/* End PBXProject section */

/* Begin PBXResourcesBuildPhase section */
		5B58492E1C6BF033002F0DC1 /* Resources */ = {
			isa = PBXResourcesBuildPhase;
			buildActionMask = 2147483647;
			files = (
				5B58493E1C6BF034002F0DC1 /* LaunchScreen.storyboard in Resources */,
				5B5849481C6BF245002F0DC1 /* CurrentWeather.plist in Resources */,
				5B58493B1C6BF034002F0DC1 /* Assets.xcassets in Resources */,
				5B5849391C6BF034002F0DC1 /* Main.storyboard in Resources */,
			);
			runOnlyForDeploymentPostprocessing = 0;
		};
/* End PBXResourcesBuildPhase section */

/* Begin PBXSourcesBuildPhase section */
		5B58492C1C6BF033002F0DC1 /* Sources */ = {
			isa = PBXSourcesBuildPhase;
			buildActionMask = 2147483647;
			files = (
				5B11081A1C6FEB0A00AD1F3B /* DailyWeather.swift in Sources */,
				5BB145011C71285B00D9B5E6 /* DailyWeatherTableViewCell.swift in Sources */,
				5B58494C1C6D3F54002F0DC1 /* NetworkOperation.swift in Sources */,
				5BB145031C713A3100D9B5E6 /* DetailBackgroundView.swift in Sources */,
				5B11081D1C6FED9A00AD1F3B /* IconEnum.swift in Sources */,
				5B5849361C6BF033002F0DC1 /* ViewController.swift in Sources */,
				5BB144FF1C71165300D9B5E6 /* Forecast.swift in Sources */,
				5B1108161C6FD08600AD1F3B /* WeeklyTableViewController.swift in Sources */,
				5B1108181C6FD10700AD1F3B /* BackgroundView.swift in Sources */,
				5B5BAD891C73EBBB00E5D160 /* Geocoder.swift in Sources */,
				5B58494A1C6BF386002F0DC1 /* CurrentWeather.swift in Sources */,
				5B58494E1C6D4BEB002F0DC1 /* ForecastService.swift in Sources */,
				5B5849341C6BF033002F0DC1 /* AppDelegate.swift in Sources */,
			);
			runOnlyForDeploymentPostprocessing = 0;
		};
/* End PBXSourcesBuildPhase section */

/* Begin PBXVariantGroup section */
		5B5849371C6BF034002F0DC1 /* Main.storyboard */ = {
			isa = PBXVariantGroup;
			children = (
				5B5849381C6BF034002F0DC1 /* Base */,
			);
			name = Main.storyboard;
			sourceTree = "<group>";
		};
		5B58493C1C6BF034002F0DC1 /* LaunchScreen.storyboard */ = {
			isa = PBXVariantGroup;
			children = (
				5B58493D1C6BF034002F0DC1 /* Base */,
			);
			name = LaunchScreen.storyboard;
			sourceTree = "<group>";
		};
/* End PBXVariantGroup section */

/* Begin XCBuildConfiguration section */
		5B5849401C6BF034002F0DC1 /* Debug */ = {
			isa = XCBuildConfiguration;
			buildSettings = {
				ALWAYS_SEARCH_USER_PATHS = NO;
				CLANG_CXX_LANGUAGE_STANDARD = "gnu++0x";
				CLANG_CXX_LIBRARY = "libc++";
				CLANG_ENABLE_MODULES = YES;
				CLANG_ENABLE_OBJC_ARC = YES;
				CLANG_WARN_BOOL_CONVERSION = YES;
				CLANG_WARN_CONSTANT_CONVERSION = YES;
				CLANG_WARN_DIRECT_OBJC_ISA_USAGE = YES_ERROR;
				CLANG_WARN_EMPTY_BODY = YES;
				CLANG_WARN_ENUM_CONVERSION = YES;
				CLANG_WARN_INT_CONVERSION = YES;
				CLANG_WARN_OBJC_ROOT_CLASS = YES_ERROR;
				CLANG_WARN_UNREACHABLE_CODE = YES;
				CLANG_WARN__DUPLICATE_METHOD_MATCH = YES;
				"CODE_SIGN_IDENTITY[sdk=iphoneos*]" = "iPhone Developer";
				COPY_PHASE_STRIP = NO;
				DEBUG_INFORMATION_FORMAT = dwarf;
				ENABLE_STRICT_OBJC_MSGSEND = YES;
				ENABLE_TESTABILITY = YES;
				GCC_C_LANGUAGE_STANDARD = gnu99;
				GCC_DYNAMIC_NO_PIC = NO;
				GCC_NO_COMMON_BLOCKS = YES;
				GCC_OPTIMIZATION_LEVEL = 0;
				GCC_PREPROCESSOR_DEFINITIONS = (
					"DEBUG=1",
					"$(inherited)",
				);
				GCC_WARN_64_TO_32_BIT_CONVERSION = YES;
				GCC_WARN_ABOUT_RETURN_TYPE = YES_ERROR;
				GCC_WARN_UNDECLARED_SELECTOR = YES;
				GCC_WARN_UNINITIALIZED_AUTOS = YES_AGGRESSIVE;
				GCC_WARN_UNUSED_FUNCTION = YES;
				GCC_WARN_UNUSED_VARIABLE = YES;
				IPHONEOS_DEPLOYMENT_TARGET = 9.2;
				MTL_ENABLE_DEBUG_INFO = YES;
				ONLY_ACTIVE_ARCH = YES;
				SDKROOT = iphoneos;
				SWIFT_OPTIMIZATION_LEVEL = "-Onone";
			};
			name = Debug;
		};
		5B5849411C6BF034002F0DC1 /* Release */ = {
			isa = XCBuildConfiguration;
			buildSettings = {
				ALWAYS_SEARCH_USER_PATHS = NO;
				CLANG_CXX_LANGUAGE_STANDARD = "gnu++0x";
				CLANG_CXX_LIBRARY = "libc++";
				CLANG_ENABLE_MODULES = YES;
				CLANG_ENABLE_OBJC_ARC = YES;
				CLANG_WARN_BOOL_CONVERSION = YES;
				CLANG_WARN_CONSTANT_CONVERSION = YES;
				CLANG_WARN_DIRECT_OBJC_ISA_USAGE = YES_ERROR;
				CLANG_WARN_EMPTY_BODY = YES;
				CLANG_WARN_ENUM_CONVERSION = YES;
				CLANG_WARN_INT_CONVERSION = YES;
				CLANG_WARN_OBJC_ROOT_CLASS = YES_ERROR;
				CLANG_WARN_UNREACHABLE_CODE = YES;
				CLANG_WARN__DUPLICATE_METHOD_MATCH = YES;
				"CODE_SIGN_IDENTITY[sdk=iphoneos*]" = "iPhone Developer";
				COPY_PHASE_STRIP = NO;
				DEBUG_INFORMATION_FORMAT = "dwarf-with-dsym";
				ENABLE_NS_ASSERTIONS = NO;
				ENABLE_STRICT_OBJC_MSGSEND = YES;
				GCC_C_LANGUAGE_STANDARD = gnu99;
				GCC_NO_COMMON_BLOCKS = YES;
				GCC_WARN_64_TO_32_BIT_CONVERSION = YES;
				GCC_WARN_ABOUT_RETURN_TYPE = YES_ERROR;
				GCC_WARN_UNDECLARED_SELECTOR = YES;
				GCC_WARN_UNINITIALIZED_AUTOS = YES_AGGRESSIVE;
				GCC_WARN_UNUSED_FUNCTION = YES;
				GCC_WARN_UNUSED_VARIABLE = YES;
				IPHONEOS_DEPLOYMENT_TARGET = 9.2;
				MTL_ENABLE_DEBUG_INFO = NO;
				SDKROOT = iphoneos;
				VALIDATE_PRODUCT = YES;
			};
			name = Release;
		};
		5B5849431C6BF034002F0DC1 /* Debug */ = {
			isa = XCBuildConfiguration;
			buildSettings = {
				ASSETCATALOG_COMPILER_APPICON_NAME = AppIcon;
				CODE_SIGN_IDENTITY = "iPhone Developer";
				"CODE_SIGN_IDENTITY[sdk=iphoneos*]" = "iPhone Developer";
				INFOPLIST_FILE = StormyTreehouse/Info.plist;
				LD_RUNPATH_SEARCH_PATHS = "$(inherited) @executable_path/Frameworks";
				PRODUCT_BUNDLE_IDENTIFIER = com.rpcarson.StormyTreehouse;
				PRODUCT_NAME = "$(TARGET_NAME)";
				PROVISIONING_PROFILE = "";
			};
			name = Debug;
		};
		5B5849441C6BF034002F0DC1 /* Release */ = {
			isa = XCBuildConfiguration;
			buildSettings = {
				ASSETCATALOG_COMPILER_APPICON_NAME = AppIcon;
				CODE_SIGN_IDENTITY = "iPhone Developer";
				"CODE_SIGN_IDENTITY[sdk=iphoneos*]" = "iPhone Developer";
				INFOPLIST_FILE = StormyTreehouse/Info.plist;
				LD_RUNPATH_SEARCH_PATHS = "$(inherited) @executable_path/Frameworks";
				PRODUCT_BUNDLE_IDENTIFIER = com.rpcarson.StormyTreehouse;
				PRODUCT_NAME = "$(TARGET_NAME)";
				PROVISIONING_PROFILE = "";
			};
			name = Release;
		};
/* End XCBuildConfiguration section */

/* Begin XCConfigurationList section */
		5B58492B1C6BF033002F0DC1 /* Build configuration list for PBXProject "StormyTreehouse" */ = {
			isa = XCConfigurationList;
			buildConfigurations = (
				5B5849401C6BF034002F0DC1 /* Debug */,
				5B5849411C6BF034002F0DC1 /* Release */,
			);
			defaultConfigurationIsVisible = 0;
			defaultConfigurationName = Release;
		};
		5B5849421C6BF034002F0DC1 /* Build configuration list for PBXNativeTarget "StormyTreehouse" */ = {
			isa = XCConfigurationList;
			buildConfigurations = (
				5B5849431C6BF034002F0DC1 /* Debug */,
				5B5849441C6BF034002F0DC1 /* Release */,
			);
			defaultConfigurationIsVisible = 0;
			defaultConfigurationName = Release;
		};
/* End XCConfigurationList section */
	};
	rootObject = 5B5849281C6BF033002F0DC1 /* Project object */;
}
